
Microsoft Visual Studio Solution File, Format Version 12.00
# Visual Studio Version 17
VisualStudioVersion = 17.13.35825.156 d17.13
MinimumVisualStudioVersion = 10.0.40219.1
Project("{FAE04EC0-301F-11D3-BF4B-00C04F79EFBC}") = "IceburgV2", "IceburgV2.csproj", "{903A900C-CF10-4D2E-B883-3A62208FDE3E}"
EndProject
Global
	GlobalSection(SolutionConfigurationPlatforms) = preSolution
		Debug|Any CPU = Debug|Any CPU
		Release|Any CPU = Release|Any CPU
	EndGlobalSection
	GlobalSection(ProjectConfigurationPlatforms) = postSolution
		{903A900C-CF10-4D2E-B883-3A62208FDE3E}.Debug|Any CPU.ActiveCfg = Debug|Any CPU
		{903A900C-CF10-4D2E-B883-3A62208FDE3E}.Debug|Any CPU.Build.0 = Debug|Any CPU
		{903A900C-CF10-4D2E-B883-3A62208FDE3E}.Release|Any CPU.ActiveCfg = Release|Any CPU
		{903A900C-CF10-4D2E-B883-3A62208FDE3E}.Release|Any CPU.Build.0 = Release|Any CPU
	EndGlobalSection
	GlobalSection(SolutionProperties) = preSolution
		HideSolutionNode = FALSE
	EndGlobalSection
	GlobalSection(ExtensibilityGlobals) = postSolution
		SolutionGuid = {0170DCE7-8952-4679-928B-F5C872304299}
	EndGlobalSection
EndGlobal
